// !$*UTF8*$!
{
	archiveVersion = 1;
	classes = {
	};
	objectVersion = 46;
	objects = {

/* Begin PBXBuildFile section */
		B3E9A9ED1FD7DDD600E5CD33 /* AppDelegate.swift in Sources */ = {isa = PBXBuildFile; fileRef = B3E9A9EC1FD7DDD600E5CD33 /* AppDelegate.swift */; };
		B3E9A9EF1FD7DDD600E5CD33 /* ViewController.swift in Sources */ = {isa = PBXBuildFile; fileRef = B3E9A9EE1FD7DDD600E5CD33 /* ViewController.swift */; };
		B3E9A9F21FD7DDD600E5CD33 /* Main.storyboard in Resources */ = {isa = PBXBuildFile; fileRef = B3E9A9F01FD7DDD600E5CD33 /* Main.storyboard */; };
		B3E9A9F41FD7DDD600E5CD33 /* Assets.xcassets in Resources */ = {isa = PBXBuildFile; fileRef = B3E9A9F31FD7DDD600E5CD33 /* Assets.xcassets */; };
		B3E9A9F71FD7DDD600E5CD33 /* LaunchScreen.storyboard in Resources */ = {isa = PBXBuildFile; fileRef = B3E9A9F51FD7DDD600E5CD33 /* LaunchScreen.storyboard */; };
		B3E9AA021FD7DDD600E5CD33 /* First_DesignTests.swift in Sources */ = {isa = PBXBuildFile; fileRef = B3E9AA011FD7DDD600E5CD33 /* First_DesignTests.swift */; };
		B3E9AA0D1FD7DDD600E5CD33 /* First_DesignUITests.swift in Sources */ = {isa = PBXBuildFile; fileRef = B3E9AA0C1FD7DDD600E5CD33 /* First_DesignUITests.swift */; };
		B3E9AA1B1FD7DE9700E5CD33 /* UIViewExtentions.swift in Sources */ = {isa = PBXBuildFile; fileRef = B3E9AA1A1FD7DE9700E5CD33 /* UIViewExtentions.swift */; };
		B3E9AA1D1FD7DEC000E5CD33 /* RegisterViewController.swift in Sources */ = {isa = PBXBuildFile; fileRef = B3E9AA1C1FD7DEC000E5CD33 /* RegisterViewController.swift */; };
		B3E9AA1F1FD7DEDB00E5CD33 /* LoginViewController.swift in Sources */ = {isa = PBXBuildFile; fileRef = B3E9AA1E1FD7DEDB00E5CD33 /* LoginViewController.swift */; };
		B3E9AA211FD7DEFF00E5CD33 /* TableViewController.swift in Sources */ = {isa = PBXBuildFile; fileRef = B3E9AA201FD7DEFF00E5CD33 /* TableViewController.swift */; };
		B3E9AA231FD7DF1C00E5CD33 /* LoadingViewController.swift in Sources */ = {isa = PBXBuildFile; fileRef = B3E9AA221FD7DF1C00E5CD33 /* LoadingViewController.swift */; };
		B3E9AA251FD7DF4600E5CD33 /* SearchViewController.swift in Sources */ = {isa = PBXBuildFile; fileRef = B3E9AA241FD7DF4600E5CD33 /* SearchViewController.swift */; };
		B3E9AA271FD7DF5E00E5CD33 /* ChatViewController.swift in Sources */ = {isa = PBXBuildFile; fileRef = B3E9AA261FD7DF5E00E5CD33 /* ChatViewController.swift */; };
/* End PBXBuildFile section */

/* Begin PBXContainerItemProxy section */
		B3E9A9FE1FD7DDD600E5CD33 /* PBXContainerItemProxy */ = {
			isa = PBXContainerItemProxy;
			containerPortal = B3E9A9E11FD7DDD600E5CD33 /* Project object */;
			proxyType = 1;
			remoteGlobalIDString = B3E9A9E81FD7DDD600E5CD33;
			remoteInfo = "First Design";
		};
		B3E9AA091FD7DDD600E5CD33 /* PBXContainerItemProxy */ = {
			isa = PBXContainerItemProxy;
			containerPortal = B3E9A9E11FD7DDD600E5CD33 /* Project object */;
			proxyType = 1;
			remoteGlobalIDString = B3E9A9E81FD7DDD600E5CD33;
			remoteInfo = "First Design";
		};
/* End PBXContainerItemProxy section */

/* Begin PBXFileReference section */
		B3E9A9E91FD7DDD600E5CD33 /* First Design.app */ = {isa = PBXFileReference; explicitFileType = wrapper.application; includeInIndex = 0; path = "First Design.app"; sourceTree = BUILT_PRODUCTS_DIR; };
		B3E9A9EC1FD7DDD600E5CD33 /* AppDelegate.swift */ = {isa = PBXFileReference; lastKnownFileType = sourcecode.swift; path = AppDelegate.swift; sourceTree = "<group>"; };
		B3E9A9EE1FD7DDD600E5CD33 /* ViewController.swift */ = {isa = PBXFileReference; lastKnownFileType = sourcecode.swift; path = ViewController.swift; sourceTree = "<group>"; };
		B3E9A9F11FD7DDD600E5CD33 /* Base */ = {isa = PBXFileReference; lastKnownFileType = file.storyboard; name = Base; path = Base.lproj/Main.storyboard; sourceTree = "<group>"; };
		B3E9A9F31FD7DDD600E5CD33 /* Assets.xcassets */ = {isa = PBXFileReference; lastKnownFileType = folder.assetcatalog; path = Assets.xcassets; sourceTree = "<group>"; };
		B3E9A9F61FD7DDD600E5CD33 /* Base */ = {isa = PBXFileReference; lastKnownFileType = file.storyboard; name = Base; path = Base.lproj/LaunchScreen.storyboard; sourceTree = "<group>"; };
		B3E9A9F81FD7DDD600E5CD33 /* Info.plist */ = {isa = PBXFileReference; lastKnownFileType = text.plist.xml; path = Info.plist; sourceTree = "<group>"; };
		B3E9A9FD1FD7DDD600E5CD33 /* First DesignTests.xctest */ = {isa = PBXFileReference; explicitFileType = wrapper.cfbundle; includeInIndex = 0; path = "First DesignTests.xctest"; sourceTree = BUILT_PRODUCTS_DIR; };
		B3E9AA011FD7DDD600E5CD33 /* First_DesignTests.swift */ = {isa = PBXFileReference; lastKnownFileType = sourcecode.swift; path = First_DesignTests.swift; sourceTree = "<group>"; };
		B3E9AA031FD7DDD600E5CD33 /* Info.plist */ = {isa = PBXFileReference; lastKnownFileType = text.plist.xml; path = Info.plist; sourceTree = "<group>"; };
		B3E9AA081FD7DDD600E5CD33 /* First DesignUITests.xctest */ = {isa = PBXFileReference; explicitFileType = wrapper.cfbundle; includeInIndex = 0; path = "First DesignUITests.xctest"; sourceTree = BUILT_PRODUCTS_DIR; };
		B3E9AA0C1FD7DDD600E5CD33 /* First_DesignUITests.swift */ = {isa = PBXFileReference; lastKnownFileType = sourcecode.swift; path = First_DesignUITests.swift; sourceTree = "<group>"; };
		B3E9AA0E1FD7DDD600E5CD33 /* Info.plist */ = {isa = PBXFileReference; lastKnownFileType = text.plist.xml; path = Info.plist; sourceTree = "<group>"; };
		B3E9AA1A1FD7DE9700E5CD33 /* UIViewExtentions.swift */ = {isa = PBXFileReference; fileEncoding = 4; lastKnownFileType = sourcecode.swift; path = UIViewExtentions.swift; sourceTree = "<group>"; };
		B3E9AA1C1FD7DEC000E5CD33 /* RegisterViewController.swift */ = {isa = PBXFileReference; fileEncoding = 4; lastKnownFileType = sourcecode.swift; path = RegisterViewController.swift; sourceTree = "<group>"; };
		B3E9AA1E1FD7DEDB00E5CD33 /* LoginViewController.swift */ = {isa = PBXFileReference; fileEncoding = 4; lastKnownFileType = sourcecode.swift; path = LoginViewController.swift; sourceTree = "<group>"; };
		B3E9AA201FD7DEFF00E5CD33 /* TableViewController.swift */ = {isa = PBXFileReference; fileEncoding = 4; lastKnownFileType = sourcecode.swift; path = TableViewController.swift; sourceTree = "<group>"; };
		B3E9AA221FD7DF1C00E5CD33 /* LoadingViewController.swift */ = {isa = PBXFileReference; fileEncoding = 4; lastKnownFileType = sourcecode.swift; path = LoadingViewController.swift; sourceTree = "<group>"; };
		B3E9AA241FD7DF4600E5CD33 /* SearchViewController.swift */ = {isa = PBXFileReference; fileEncoding = 4; lastKnownFileType = sourcecode.swift; path = SearchViewController.swift; sourceTree = "<group>"; };
		B3E9AA261FD7DF5E00E5CD33 /* ChatViewController.swift */ = {isa = PBXFileReference; fileEncoding = 4; lastKnownFileType = sourcecode.swift; path = ChatViewController.swift; sourceTree = "<group>"; };
/* End PBXFileReference section */

/* Begin PBXFrameworksBuildPhase section */
		B3E9A9E61FD7DDD600E5CD33 /* Frameworks */ = {
			isa = PBXFrameworksBuildPhase;
			buildActionMask = 2147483647;
			files = (
			);
			runOnlyForDeploymentPostprocessing = 0;
		};
		B3E9A9FA1FD7DDD600E5CD33 /* Frameworks */ = {
			isa = PBXFrameworksBuildPhase;
			buildActionMask = 2147483647;
			files = (
			);
			runOnlyForDeploymentPostprocessing = 0;
		};
		B3E9AA051FD7DDD600E5CD33 /* Frameworks */ = {
			isa = PBXFrameworksBuildPhase;
			buildActionMask = 2147483647;
			files = (
			);
			runOnlyForDeploymentPostprocessing = 0;
		};
/* End PBXFrameworksBuildPhase section */

/* Begin PBXGroup section */
		B3E9A9E01FD7DDD600E5CD33 = {
			isa = PBXGroup;
			children = (
				B3E9A9EB1FD7DDD600E5CD33 /* First Design */,
				B3E9AA001FD7DDD600E5CD33 /* First DesignTests */,
				B3E9AA0B1FD7DDD600E5CD33 /* First DesignUITests */,
				B3E9A9EA1FD7DDD600E5CD33 /* Products */,
			);
			sourceTree = "<group>";
		};
		B3E9A9EA1FD7DDD600E5CD33 /* Products */ = {
			isa = PBXGroup;
			children = (
				B3E9A9E91FD7DDD600E5CD33 /* First Design.app */,
				B3E9A9FD1FD7DDD600E5CD33 /* First DesignTests.xctest */,
				B3E9AA081FD7DDD600E5CD33 /* First DesignUITests.xctest */,
			);
			name = Products;
			sourceTree = "<group>";
		};
		B3E9A9EB1FD7DDD600E5CD33 /* First Design */ = {
			isa = PBXGroup;
			children = (
				B3E9A9EC1FD7DDD600E5CD33 /* AppDelegate.swift */,
				B3E9A9EE1FD7DDD600E5CD33 /* ViewController.swift */,
				B3E9A9F01FD7DDD600E5CD33 /* Main.storyboard */,
				B3E9A9F31FD7DDD600E5CD33 /* Assets.xcassets */,
				B3E9A9F51FD7DDD600E5CD33 /* LaunchScreen.storyboard */,
				B3E9A9F81FD7DDD600E5CD33 /* Info.plist */,
				B3E9AA1A1FD7DE9700E5CD33 /* UIViewExtentions.swift */,
				B3E9AA1C1FD7DEC000E5CD33 /* RegisterViewController.swift */,
				B3E9AA1E1FD7DEDB00E5CD33 /* LoginViewController.swift */,
				B3E9AA201FD7DEFF00E5CD33 /* TableViewController.swift */,
				B3E9AA221FD7DF1C00E5CD33 /* LoadingViewController.swift */,
				B3E9AA241FD7DF4600E5CD33 /* SearchViewController.swift */,
				B3E9AA261FD7DF5E00E5CD33 /* ChatViewController.swift */,
			);
			path = "First Design";
			sourceTree = "<group>";
		};
		B3E9AA001FD7DDD600E5CD33 /* First DesignTests */ = {
			isa = PBXGroup;
			children = (
				B3E9AA011FD7DDD600E5CD33 /* First_DesignTests.swift */,
				B3E9AA031FD7DDD600E5CD33 /* Info.plist */,
			);
			path = "First DesignTests";
			sourceTree = "<group>";
		};
		B3E9AA0B1FD7DDD600E5CD33 /* First DesignUITests */ = {
			isa = PBXGroup;
			children = (
				B3E9AA0C1FD7DDD600E5CD33 /* First_DesignUITests.swift */,
				B3E9AA0E1FD7DDD600E5CD33 /* Info.plist */,
			);
			path = "First DesignUITests";
			sourceTree = "<group>";
		};
/* End PBXGroup section */

/* Begin PBXNativeTarget section */
		B3E9A9E81FD7DDD600E5CD33 /* First Design */ = {
			isa = PBXNativeTarget;
			buildConfigurationList = B3E9AA111FD7DDD600E5CD33 /* Build configuration list for PBXNativeTarget "First Design" */;
			buildPhases = (
				B3E9A9E51FD7DDD600E5CD33 /* Sources */,
				B3E9A9E61FD7DDD600E5CD33 /* Frameworks */,
				B3E9A9E71FD7DDD600E5CD33 /* Resources */,
			);
			buildRules = (
			);
			dependencies = (
			);
			name = "First Design";
			productName = "First Design";
			productReference = B3E9A9E91FD7DDD600E5CD33 /* First Design.app */;
			productType = "com.apple.product-type.application";
		};
		B3E9A9FC1FD7DDD600E5CD33 /* First DesignTests */ = {
			isa = PBXNativeTarget;
			buildConfigurationList = B3E9AA141FD7DDD600E5CD33 /* Build configuration list for PBXNativeTarget "First DesignTests" */;
			buildPhases = (
				B3E9A9F91FD7DDD600E5CD33 /* Sources */,
				B3E9A9FA1FD7DDD600E5CD33 /* Frameworks */,
				B3E9A9FB1FD7DDD600E5CD33 /* Resources */,
			);
			buildRules = (
			);
			dependencies = (
				B3E9A9FF1FD7DDD600E5CD33 /* PBXTargetDependency */,
			);
			name = "First DesignTests";
			productName = "First DesignTests";
			productReference = B3E9A9FD1FD7DDD600E5CD33 /* First DesignTests.xctest */;
			productType = "com.apple.product-type.bundle.unit-test";
		};
		B3E9AA071FD7DDD600E5CD33 /* First DesignUITests */ = {
			isa = PBXNativeTarget;
			buildConfigurationList = B3E9AA171FD7DDD600E5CD33 /* Build configuration list for PBXNativeTarget "First DesignUITests" */;
			buildPhases = (
				B3E9AA041FD7DDD600E5CD33 /* Sources */,
				B3E9AA051FD7DDD600E5CD33 /* Frameworks */,
				B3E9AA061FD7DDD600E5CD33 /* Resources */,
			);
			buildRules = (
			);
			dependencies = (
				B3E9AA0A1FD7DDD600E5CD33 /* PBXTargetDependency */,
			);
			name = "First DesignUITests";
			productName = "First DesignUITests";
			productReference = B3E9AA081FD7DDD600E5CD33 /* First DesignUITests.xctest */;
			productType = "com.apple.product-type.bundle.ui-testing";
		};
/* End PBXNativeTarget section */

/* Begin PBXProject section */
		B3E9A9E11FD7DDD600E5CD33 /* Project object */ = {
			isa = PBXProject;
			attributes = {
				LastSwiftUpdateCheck = 0830;
				LastUpgradeCheck = 0830;
				ORGANIZATIONNAME = "Munoz, Valentina";
				TargetAttributes = {
					B3E9A9E81FD7DDD600E5CD33 = {
						CreatedOnToolsVersion = 8.3.3;
						ProvisioningStyle = Automatic;
					};
					B3E9A9FC1FD7DDD600E5CD33 = {
						CreatedOnToolsVersion = 8.3.3;
						ProvisioningStyle = Automatic;
						TestTargetID = B3E9A9E81FD7DDD600E5CD33;
					};
					B3E9AA071FD7DDD600E5CD33 = {
						CreatedOnToolsVersion = 8.3.3;
						ProvisioningStyle = Automatic;
						TestTargetID = B3E9A9E81FD7DDD600E5CD33;
					};
				};
			};
			buildConfigurationList = B3E9A9E41FD7DDD600E5CD33 /* Build configuration list for PBXProject "First Design" */;
			compatibilityVersion = "Xcode 3.2";
			developmentRegion = English;
			hasScannedForEncodings = 0;
			knownRegions = (
				en,
				Base,
			);
			mainGroup = B3E9A9E01FD7DDD600E5CD33;
			productRefGroup = B3E9A9EA1FD7DDD600E5CD33 /* Products */;
			projectDirPath = "";
			projectRoot = "";
			targets = (
				B3E9A9E81FD7DDD600E5CD33 /* First Design */,
				B3E9A9FC1FD7DDD600E5CD33 /* First DesignTests */,
				B3E9AA071FD7DDD600E5CD33 /* First DesignUITests */,
			);
		};
/* End PBXProject section */

/* Begin PBXResourcesBuildPhase section */
		B3E9A9E71FD7DDD600E5CD33 /* Resources */ = {
			isa = PBXResourcesBuildPhase;
			buildActionMask = 2147483647;
			files = (
				B3E9A9F71FD7DDD600E5CD33 /* LaunchScreen.storyboard in Resources */,
				B3E9A9F41FD7DDD600E5CD33 /* Assets.xcassets in Resources */,
				B3E9A9F21FD7DDD600E5CD33 /* Main.storyboard in Resources */,
			);
			runOnlyForDeploymentPostprocessing = 0;
		};
		B3E9A9FB1FD7DDD600E5CD33 /* Resources */ = {
			isa = PBXResourcesBuildPhase;
			buildActionMask = 2147483647;
			files = (
			);
			runOnlyForDeploymentPostprocessing = 0;
		};
		B3E9AA061FD7DDD600E5CD33 /* Resources */ = {
			isa = PBXResourcesBuildPhase;
			buildActionMask = 2147483647;
			files = (
			);
			runOnlyForDeploymentPostprocessing = 0;
		};
/* End PBXResourcesBuildPhase section */

/* Begin PBXSourcesBuildPhase section */
		B3E9A9E51FD7DDD600E5CD33 /* Sources */ = {
			isa = PBXSourcesBuildPhase;
			buildActionMask = 2147483647;
			files = (
				B3E9AA231FD7DF1C00E5CD33 /* LoadingViewController.swift in Sources */,
				B3E9AA1B1FD7DE9700E5CD33 /* UIViewExtentions.swift in Sources */,
				B3E9AA251FD7DF4600E5CD33 /* SearchViewController.swift in Sources */,
				B3E9AA211FD7DEFF00E5CD33 /* TableViewController.swift in Sources */,
				B3E9A9EF1FD7DDD600E5CD33 /* ViewController.swift in Sources */,
				B3E9A9ED1FD7DDD600E5CD33 /* AppDelegate.swift in Sources */,
				B3E9AA1F1FD7DEDB00E5CD33 /* LoginViewController.swift in Sources */,
				B3E9AA271FD7DF5E00E5CD33 /* ChatViewController.swift in Sources */,
				B3E9AA1D1FD7DEC000E5CD33 /* RegisterViewController.swift in Sources */,
			);
			runOnlyForDeploymentPostprocessing = 0;
		};
		B3E9A9F91FD7DDD600E5CD33 /* Sources */ = {
			isa = PBXSourcesBuildPhase;
			buildActionMask = 2147483647;
			files = (
				B3E9AA021FD7DDD600E5CD33 /* First_DesignTests.swift in Sources */,
			);
			runOnlyForDeploymentPostprocessing = 0;
		};
		B3E9AA041FD7DDD600E5CD33 /* Sources */ = {
			isa = PBXSourcesBuildPhase;
			buildActionMask = 2147483647;
			files = (
				B3E9AA0D1FD7DDD600E5CD33 /* First_DesignUITests.swift in Sources */,
			);
			runOnlyForDeploymentPostprocessing = 0;
		};
/* End PBXSourcesBuildPhase section */

/* Begin PBXTargetDependency section */
		B3E9A9FF1FD7DDD600E5CD33 /* PBXTargetDependency */ = {
			isa = PBXTargetDependency;
			target = B3E9A9E81FD7DDD600E5CD33 /* First Design */;
			targetProxy = B3E9A9FE1FD7DDD600E5CD33 /* PBXContainerItemProxy */;
		};
		B3E9AA0A1FD7DDD600E5CD33 /* PBXTargetDependency */ = {
			isa = PBXTargetDependency;
			target = B3E9A9E81FD7DDD600E5CD33 /* First Design */;
			targetProxy = B3E9AA091FD7DDD600E5CD33 /* PBXContainerItemProxy */;
		};
/* End PBXTargetDependency section */

/* Begin PBXVariantGroup section */
		B3E9A9F01FD7DDD600E5CD33 /* Main.storyboard */ = {
			isa = PBXVariantGroup;
			children = (
				B3E9A9F11FD7DDD600E5CD33 /* Base */,
			);
			name = Main.storyboard;
			sourceTree = "<group>";
		};
		B3E9A9F51FD7DDD600E5CD33 /* LaunchScreen.storyboard */ = {
			isa = PBXVariantGroup;
			children = (
				B3E9A9F61FD7DDD600E5CD33 /* Base */,
			);
			name = LaunchScreen.storyboard;
			sourceTree = "<group>";
		};
/* End PBXVariantGroup section */

/* Begin XCBuildConfiguration section */
		B3E9AA0F1FD7DDD600E5CD33 /* Debug */ = {
			isa = XCBuildConfiguration;
			buildSettings = {
				ALWAYS_SEARCH_USER_PATHS = NO;
				CLANG_ANALYZER_NONNULL = YES;
				CLANG_ANALYZER_NUMBER_OBJECT_CONVERSION = YES_AGGRESSIVE;
				CLANG_CXX_LANGUAGE_STANDARD = "gnu++0x";
				CLANG_CXX_LIBRARY = "libc++";
				CLANG_ENABLE_MODULES = YES;
				CLANG_ENABLE_OBJC_ARC = YES;
				CLANG_WARN_BOOL_CONVERSION = YES;
				CLANG_WARN_CONSTANT_CONVERSION = YES;
				CLANG_WARN_DIRECT_OBJC_ISA_USAGE = YES_ERROR;
				CLANG_WARN_DOCUMENTATION_COMMENTS = YES;
				CLANG_WARN_EMPTY_BODY = YES;
				CLANG_WARN_ENUM_CONVERSION = YES;
				CLANG_WARN_INFINITE_RECURSION = YES;
				CLANG_WARN_INT_CONVERSION = YES;
				CLANG_WARN_OBJC_ROOT_CLASS = YES_ERROR;
				CLANG_WARN_SUSPICIOUS_MOVE = YES;
				CLANG_WARN_UNREACHABLE_CODE = YES;
				CLANG_WARN__DUPLICATE_METHOD_MATCH = YES;
				"CODE_SIGN_IDENTITY[sdk=iphoneos*]" = "iPhone Developer";
				COPY_PHASE_STRIP = NO;
				DEBUG_INFORMATION_FORMAT = dwarf;
				ENABLE_STRICT_OBJC_MSGSEND = YES;
				ENABLE_TESTABILITY = YES;
				GCC_C_LANGUAGE_STANDARD = gnu99;
				GCC_DYNAMIC_NO_PIC = NO;
				GCC_NO_COMMON_BLOCKS = YES;
				GCC_OPTIMIZATION_LEVEL = 0;
				GCC_PREPROCESSOR_DEFINITIONS = (
					"DEBUG=1",
					"$(inherited)",
				);
				GCC_WARN_64_TO_32_BIT_CONVERSION = YES;
				GCC_WARN_ABOUT_RETURN_TYPE = YES_ERROR;
				GCC_WARN_UNDECLARED_SELECTOR = YES;
				GCC_WARN_UNINITIALIZED_AUTOS = YES_AGGRESSIVE;
				GCC_WARN_UNUSED_FUNCTION = YES;
				GCC_WARN_UNUSED_VARIABLE = YES;
				IPHONEOS_DEPLOYMENT_TARGET = 10.3;
				MTL_ENABLE_DEBUG_INFO = YES;
				ONLY_ACTIVE_ARCH = YES;
				SDKROOT = iphoneos;
				SWIFT_ACTIVE_COMPILATION_CONDITIONS = DEBUG;
				SWIFT_OPTIMIZATION_LEVEL = "-Onone";
				TARGETED_DEVICE_FAMILY = "1,2";
			};
			name = Debug;
		};
		B3E9AA101FD7DDD600E5CD33 /* Release */ = {
			isa = XCBuildConfiguration;
			buildSettings = {
				ALWAYS_SEARCH_USER_PATHS = NO;
				CLANG_ANALYZER_NONNULL = YES;
				CLANG_ANALYZER_NUMBER_OBJECT_CONVERSION = YES_AGGRESSIVE;
				CLANG_CXX_LANGUAGE_STANDARD = "gnu++0x";
				CLANG_CXX_LIBRARY = "libc++";
				CLANG_ENABLE_MODULES = YES;
				CLANG_ENABLE_OBJC_ARC = YES;
				CLANG_WARN_BOOL_CONVERSION = YES;
				CLANG_WARN_CONSTANT_CONVERSION = YES;
				CLANG_WARN_DIRECT_OBJC_ISA_USAGE = YES_ERROR;
				CLANG_WARN_DOCUMENTATION_COMMENTS = YES;
				CLANG_WARN_EMPTY_BODY = YES;
				CLANG_WARN_ENUM_CONVERSION = YES;
				CLANG_WARN_INFINITE_RECURSION = YES;
				CLANG_WARN_INT_CONVERSION = YES;
				CLANG_WARN_OBJC_ROOT_CLASS = YES_ERROR;
				CLANG_WARN_SUSPICIOUS_MOVE = YES;
				CLANG_WARN_UNREACHABLE_CODE = YES;
				CLANG_WARN__DUPLICATE_METHOD_MATCH = YES;
				"CODE_SIGN_IDENTITY[sdk=iphoneos*]" = "iPhone Developer";
				COPY_PHASE_STRIP = NO;
				DEBUG_INFORMATION_FORMAT = "dwarf-with-dsym";
				ENABLE_NS_ASSERTIONS = NO;
				ENABLE_STRICT_OBJC_MSGSEND = YES;
				GCC_C_LANGUAGE_STANDARD = gnu99;
				GCC_NO_COMMON_BLOCKS = YES;
				GCC_WARN_64_TO_32_BIT_CONVERSION = YES;
				GCC_WARN_ABOUT_RETURN_TYPE = YES_ERROR;
				GCC_WARN_UNDECLARED_SELECTOR = YES;
				GCC_WARN_UNINITIALIZED_AUTOS = YES_AGGRESSIVE;
				GCC_WARN_UNUSED_FUNCTION = YES;
				GCC_WARN_UNUSED_VARIABLE = YES;
				IPHONEOS_DEPLOYMENT_TARGET = 10.3;
				MTL_ENABLE_DEBUG_INFO = NO;
				SDKROOT = iphoneos;
				SWIFT_OPTIMIZATION_LEVEL = "-Owholemodule";
				TARGETED_DEVICE_FAMILY = "1,2";
				VALIDATE_PRODUCT = YES;
			};
			name = Release;
		};
		B3E9AA121FD7DDD600E5CD33 /* Debug */ = {
			isa = XCBuildConfiguration;
			buildSettings = {
				ASSETCATALOG_COMPILER_APPICON_NAME = AppIcon;
				INFOPLIST_FILE = "First Design/Info.plist";
				LD_RUNPATH_SEARCH_PATHS = "$(inherited) @executable_path/Frameworks";
				PRODUCT_BUNDLE_IDENTIFIER = "com.Dshare.First-Design";
				PRODUCT_NAME = "$(TARGET_NAME)";
				SWIFT_VERSION = 3.0;
			};
			name = Debug;
		};
		B3E9AA131FD7DDD600E5CD33 /* Release */ = {
			isa = XCBuildConfiguration;
			buildSettings = {
				ASSETCATALOG_COMPILER_APPICON_NAME = AppIcon;
				INFOPLIST_FILE = "First Design/Info.plist";
				LD_RUNPATH_SEARCH_PATHS = "$(inherited) @executable_path/Frameworks";
				PRODUCT_BUNDLE_IDENTIFIER = "com.Dshare.First-Design";
				PRODUCT_NAME = "$(TARGET_NAME)";
				SWIFT_VERSION = 3.0;
			};
			name = Release;
		};
		B3E9AA151FD7DDD600E5CD33 /* Debug */ = {
			isa = XCBuildConfiguration;
			buildSettings = {
				ALWAYS_EMBED_SWIFT_STANDARD_LIBRARIES = YES;
				BUNDLE_LOADER = "$(TEST_HOST)";
				INFOPLIST_FILE = "First DesignTests/Info.plist";
				LD_RUNPATH_SEARCH_PATHS = "$(inherited) @executable_path/Frameworks @loader_path/Frameworks";
				PRODUCT_BUNDLE_IDENTIFIER = "com.valentina.First-DesignTests";
				PRODUCT_NAME = "$(TARGET_NAME)";
				SWIFT_VERSION = 3.0;
				TEST_HOST = "$(BUILT_PRODUCTS_DIR)/First Design.app/First Design";
			};
			name = Debug;
		};
		B3E9AA161FD7DDD600E5CD33 /* Release */ = {
			isa = XCBuildConfiguration;
			buildSettings = {
				ALWAYS_EMBED_SWIFT_STANDARD_LIBRARIES = YES;
				BUNDLE_LOADER = "$(TEST_HOST)";
				INFOPLIST_FILE = "First DesignTests/Info.plist";
				LD_RUNPATH_SEARCH_PATHS = "$(inherited) @executable_path/Frameworks @loader_path/Frameworks";
				PRODUCT_BUNDLE_IDENTIFIER = "com.valentina.First-DesignTests";
				PRODUCT_NAME = "$(TARGET_NAME)";
				SWIFT_VERSION = 3.0;
				TEST_HOST = "$(BUILT_PRODUCTS_DIR)/First Design.app/First Design";
			};
			name = Release;
		};
		B3E9AA181FD7DDD600E5CD33 /* Debug */ = {
			isa = XCBuildConfiguration;
			buildSettings = {
				ALWAYS_EMBED_SWIFT_STANDARD_LIBRARIES = YES;
				INFOPLIST_FILE = "First DesignUITests/Info.plist";
				LD_RUNPATH_SEARCH_PATHS = "$(inherited) @executable_path/Frameworks @loader_path/Frameworks";
				PRODUCT_BUNDLE_IDENTIFIER = "com.valentina.First-DesignUITests";
				PRODUCT_NAME = "$(TARGET_NAME)";
				SWIFT_VERSION = 3.0;
				TEST_TARGET_NAME = "First Design";
			};
			name = Debug;
		};
		B3E9AA191FD7DDD600E5CD33 /* Release */ = {
			isa = XCBuildConfiguration;
			buildSettings = {
				ALWAYS_EMBED_SWIFT_STANDARD_LIBRARIES = YES;
				INFOPLIST_FILE = "First DesignUITests/Info.plist";
				LD_RUNPATH_SEARCH_PATHS = "$(inherited) @executable_path/Frameworks @loader_path/Frameworks";
				PRODUCT_BUNDLE_IDENTIFIER = "com.valentina.First-DesignUITests";
				PRODUCT_NAME = "$(TARGET_NAME)";
				SWIFT_VERSION = 3.0;
				TEST_TARGET_NAME = "First Design";
			};
			name = Release;
		};
/* End XCBuildConfiguration section */

/* Begin XCConfigurationList section */
		B3E9A9E41FD7DDD600E5CD33 /* Build configuration list for PBXProject "First Design" */ = {
			isa = XCConfigurationList;
			buildConfigurations = (
				B3E9AA0F1FD7DDD600E5CD33 /* Debug */,
				B3E9AA101FD7DDD600E5CD33 /* Release */,
			);
			defaultConfigurationIsVisible = 0;
			defaultConfigurationName = Release;
		};
		B3E9AA111FD7DDD600E5CD33 /* Build configuration list for PBXNativeTarget "First Design" */ = {
			isa = XCConfigurationList;
			buildConfigurations = (
				B3E9AA121FD7DDD600E5CD33 /* Debug */,
				B3E9AA131FD7DDD600E5CD33 /* Release */,
			);
			defaultConfigurationIsVisible = 0;
			defaultConfigurationName = Release;
		};
		B3E9AA141FD7DDD600E5CD33 /* Build configuration list for PBXNativeTarget "First DesignTests" */ = {
			isa = XCConfigurationList;
			buildConfigurations = (
				B3E9AA151FD7DDD600E5CD33 /* Debug */,
				B3E9AA161FD7DDD600E5CD33 /* Release */,
			);
			defaultConfigurationIsVisible = 0;
			defaultConfigurationName = Release;
		};
		B3E9AA171FD7DDD600E5CD33 /* Build configuration list for PBXNativeTarget "First DesignUITests" */ = {
			isa = XCConfigurationList;
			buildConfigurations = (
				B3E9AA181FD7DDD600E5CD33 /* Debug */,
				B3E9AA191FD7DDD600E5CD33 /* Release */,
			);
			defaultConfigurationIsVisible = 0;
			defaultConfigurationName = Release;
		};
/* End XCConfigurationList section */
	};
	rootObject = B3E9A9E11FD7DDD600E5CD33 /* Project object */;
}
